{
  "name": "@fadoli/node-fast-running-stats",
  "version": "2.0.0",
  "lockfileVersion": 3,
  "requires": true,
  "packages": {
    "": {
      "name": "@fadoli/node-fast-running-stats",
      "version": "2.0.0",
      "license": "MIT",
      "engines": {
        "bun": ">=1.3.0",
        "node": ">=22.0.0"
      }
    }
  }
}
