{
  "name": "@fadoli/node-fast-running-stats",
  "version": "1.0.4",
  "lockfileVersion": 3,
  "requires": true,
  "packages": {
    "": {
      "name": "@fadoli/node-fast-running-stats",
      "version": "1.0.4",
      "license": "MIT",
      "engines": {
        "bun": ">=1.1.38",
        "node": ">=18.17.0"
      }
    }
  }
}
